
Microsoft Visual Studio Solution File, Format Version 12.00
# Visual Studio Version 17
VisualStudioVersion = 17.7.34031.279
MinimumVisualStudioVersion = 10.0.40219.1
Project("{8BC9CEB8-8B4A-11D0-8D11-00A0C91BC942}") = "lab3", "lab3.vcxproj", "{FA8F2008-1CDE-4DA8-BC83-E370042845C7}"
EndProject
Global
	GlobalSection(SolutionConfigurationPlatforms) = preSolution
		Debug|x64 = Debug|x64
		Release|x64 = Release|x64
	EndGlobalSection
	GlobalSection(ProjectConfigurationPlatforms) = postSolution
		{FA8F2008-1CDE-4DA8-BC83-E370042845C7}.Debug|x64.ActiveCfg = Debug|x64
		{FA8F2008-1CDE-4DA8-BC83-E370042845C7}.Debug|x64.Build.0 = Debug|x64
		{FA8F2008-1CDE-4DA8-BC83-E370042845C7}.Release|x64.ActiveCfg = Release|x64
		{FA8F2008-1CDE-4DA8-BC83-E370042845C7}.Release|x64.Build.0 = Release|x64
	EndGlobalSection
	GlobalSection(SolutionProperties) = preSolution
		HideSolutionNode = FALSE
	EndGlobalSection
	GlobalSection(ExtensibilityGlobals) = postSolution
		SolutionGuid = {A37C0AB8-3E34-4745-8BDA-EA5D68D634CE}
	EndGlobalSection
EndGlobal
